
Microsoft Visual Studio Solution File, Format Version 12.00
# Visual Studio 15
VisualStudioVersion = 15.0.28010.2026
MinimumVisualStudioVersion = 10.0.40219.1
Project("{FAE04EC0-301F-11D3-BF4B-00C04F79EFBC}") = "isSomma", "isSomma\isSomma.csproj", "{00C38176-0042-4FC3-AF3A-6F50A3DDC1BA}"
EndProject
Project("{FAE04EC0-301F-11D3-BF4B-00C04F79EFBC}") = "isSommaTest", "XUnitTestProject1\isSommaTest.csproj", "{43903405-F391-46DA-B74C-80444048E526}"
EndProject
Global
	GlobalSection(SolutionConfigurationPlatforms) = preSolution
		Debug|Any CPU = Debug|Any CPU
		Release|Any CPU = Release|Any CPU
	EndGlobalSection
	GlobalSection(ProjectConfigurationPlatforms) = postSolution
		{00C38176-0042-4FC3-AF3A-6F50A3DDC1BA}.Debug|Any CPU.ActiveCfg = Debug|Any CPU
		{00C38176-0042-4FC3-AF3A-6F50A3DDC1BA}.Debug|Any CPU.Build.0 = Debug|Any CPU
		{00C38176-0042-4FC3-AF3A-6F50A3DDC1BA}.Release|Any CPU.ActiveCfg = Release|Any CPU
		{00C38176-0042-4FC3-AF3A-6F50A3DDC1BA}.Release|Any CPU.Build.0 = Release|Any CPU
		{43903405-F391-46DA-B74C-80444048E526}.Debug|Any CPU.ActiveCfg = Debug|Any CPU
		{43903405-F391-46DA-B74C-80444048E526}.Debug|Any CPU.Build.0 = Debug|Any CPU
		{43903405-F391-46DA-B74C-80444048E526}.Release|Any CPU.ActiveCfg = Release|Any CPU
		{43903405-F391-46DA-B74C-80444048E526}.Release|Any CPU.Build.0 = Release|Any CPU
	EndGlobalSection
	GlobalSection(SolutionProperties) = preSolution
		HideSolutionNode = FALSE
	EndGlobalSection
	GlobalSection(ExtensibilityGlobals) = postSolution
		SolutionGuid = {190E2D13-23F9-4916-B070-35B4C24AD98F}
	EndGlobalSection
EndGlobal
